---
lockfileVersion: 1
lockfileVendor: redhat
arches:
- arch: x86_64
  packages:
  - url: https://koji-s3-cache.hummingbird-project.io/packages.redhat.com/api/pulp-content/public-hummingbird/x86_64/Packages/c/cyrus-sasl-2.1.28-37.hum1.x86_64.rpm
    repoid: public-hummingbird-x86_64-rpms
    size: 83294
    checksum: sha256:64958dc909a3dcbdb789a816c14730413624d9e291f70443903495b5d397e77a
    name: cyrus-sasl
    evr: 2.1.28-37.hum1
    sourcerpm: cyrus-sasl-2.1.28-37.hum1.src.rpm
  - url: https://koji-s3-cache.hummingbird-project.io/packages.redhat.com/api/pulp-content/public-hummingbird/x86_64/Packages/c/cyrus-sasl-devel-2.1.28-37.hum1.x86_64.rpm
    repoid: public-hummingbird-x86_64-rpms
    size: 124881
    checksum: sha256:ca4884c5bb4aa714272efb6b9548bfb29c3a86bbda05615754838202bec56f7e
    name: cyrus-sasl-devel
    evr: 2.1.28-37.hum1
    sourcerpm: cyrus-sasl-2.1.28-37.hum1.src.rpm
  - url: https://koji-s3-cache.hummingbird-project.io/packages.redhat.com/api/pulp-content/public-hummingbird/x86_64/Packages/g/gcc-c++-16.1.1-2.hum1.x86_64.rpm
    repoid: public-hummingbird-x86_64-rpms
    size: 18093314
    checksum: sha256:74a1344ce3fd0c7d9fe6445a748724046b9e8ea8e960eb9bcdd8a9319ec3b526
    name: gcc-c++
    evr: 16.1.1-2.hum1
    sourcerpm: gcc-16.1.1-2.hum1.src.rpm
  - url: https://koji-s3-cache.hummingbird-project.io/packages.redhat.com/api/pulp-content/public-hummingbird/x86_64/Packages/l/libblkid-2.42.2-2.hum1.x86_64.rpm
    repoid: public-hummingbird-x86_64-rpms
    size: 142320
    checksum: sha256:9f61ea56f69c6afb6cd89b8b7af816c23f8638902494ace939dea53daedc10ea
    name: libblkid
    evr: 2.42.2-2.hum1
    sourcerpm: util-linux-2.42.2-2.hum1.src.rpm
  - url: https://koji-s3-cache.hummingbird-project.io/packages.redhat.com/api/pulp-content/public-hummingbird/x86_64/Packages/l/libfdisk-2.42.2-2.hum1.x86_64.rpm
    repoid: public-hummingbird-x86_64-rpms
    size: 178378
    checksum: sha256:ec7e27f56a124bc6cab0591cc979899fc197a798af03fd52150949f88044a00f
    name: libfdisk
    evr: 2.42.2-2.hum1
    sourcerpm: util-linux-2.42.2-2.hum1.src.rpm
  - url: https://koji-s3-cache.hummingbird-project.io/packages.redhat.com/api/pulp-content/public-hummingbird/x86_64/Packages/l/liblastlog2-2.42.2-2.hum1.x86_64.rpm
    repoid: public-hummingbird-x86_64-rpms
    size: 30572
    checksum: sha256:3470b458ad94d824a79b442e156f3230543b48be909d7d176e354b9f26ed1ea2
    name: liblastlog2
    evr: 2.42.2-2.hum1
    sourcerpm: util-linux-2.42.2-2.hum1.src.rpm
  - url: https://koji-s3-cache.hummingbird-project.io/packages.redhat.com/api/pulp-content/public-hummingbird/x86_64/Packages/l/libmount-2.42.2-2.hum1.x86_64.rpm
    repoid: public-hummingbird-x86_64-rpms
    size: 187125
    checksum: sha256:1f3493358af3eb12f80f32c203f89208295988319e9b004a5eb6b79708898317
    name: libmount
    evr: 2.42.2-2.hum1
    sourcerpm: util-linux-2.42.2-2.hum1.src.rpm
  - url: https://koji-s3-cache.hummingbird-project.io/packages.redhat.com/api/pulp-content/public-hummingbird/x86_64/Packages/l/libsmartcols-2.42.2-2.hum1.x86_64.rpm
    repoid: public-hummingbird-x86_64-rpms
    size: 95690
    checksum: sha256:38feff6d3bfc56d058712e7398981392401d1c859306b7ec9bbeadd3fec96010
    name: libsmartcols
    evr: 2.42.2-2.hum1
    sourcerpm: util-linux-2.42.2-2.hum1.src.rpm
  - url: https://koji-s3-cache.hummingbird-project.io/packages.redhat.com/api/pulp-content/public-hummingbird/x86_64/Packages/l/libstdc++-devel-16.1.1-2.hum1.x86_64.rpm
    repoid: public-hummingbird-x86_64-rpms
    size: 6328557
    checksum: sha256:f9c039e83616e492cb8d809d9f730fbb98dc9c72b1530fd028488a32073ed39a
    name: libstdc++-devel
    evr: 16.1.1-2.hum1
    sourcerpm: gcc-16.1.1-2.hum1.src.rpm
  - url: https://koji-s3-cache.hummingbird-project.io/packages.redhat.com/api/pulp-content/public-hummingbird/x86_64/Packages/l/libuuid-2.42.2-2.hum1.x86_64.rpm
    repoid: public-hummingbird-x86_64-rpms
    size: 33077
    checksum: sha256:31f4f230f68b7b4b03e8cff18186f847e28a2c82a6eb0e68bd96c26651af8bd6
    name: libuuid
    evr: 2.42.2-2.hum1
    sourcerpm: util-linux-2.42.2-2.hum1.src.rpm
  - url: https://koji-s3-cache.hummingbird-project.io/packages.redhat.com/api/pulp-content/public-hummingbird/x86_64/Packages/o/openssl-devel-3.5.6-0.4.hum1.x86_64.rpm
    repoid: public-hummingbird-x86_64-rpms
    size: 4510679
    checksum: sha256:de0009161b0160896edcb66c598d2ed1a376bac7600a2eb687cd680d0deb3d6c
    name: openssl-devel
    evr: 1:3.5.6-0.4.hum1
    sourcerpm: openssl-3.5.6-0.4.hum1.src.rpm
  - url: https://koji-s3-cache.hummingbird-project.io/packages.redhat.com/api/pulp-content/public-hummingbird/x86_64/Packages/r/readline-8.3-5.hum1.x86_64.rpm
    repoid: public-hummingbird-x86_64-rpms
    size: 241248
    checksum: sha256:92d3201a7258aa2b30c716136988e1f9e04a05b07e7d5e22097fd4e12d7ac2bc
    name: readline
    evr: 8.3-5.hum1
    sourcerpm: readline-8.3-5.hum1.src.rpm
  - url: https://koji-s3-cache.hummingbird-project.io/packages.redhat.com/api/pulp-content/public-hummingbird/x86_64/Packages/s/sqlite-3.53.3-2.hum1.x86_64.rpm
    repoid: public-hummingbird-x86_64-rpms
    size: 1022027
    checksum: sha256:f3454afa2207a935a109bc0fbaf76ed29798d7fad4f3599df10a4da1f7cbd376
    name: sqlite
    evr: 3.53.3-2.hum1
    sourcerpm: sqlite-3.53.3-2.hum1.src.rpm
  - url: https://koji-s3-cache.hummingbird-project.io/packages.redhat.com/api/pulp-content/public-hummingbird/x86_64/Packages/s/sqlite-libs-3.53.3-2.hum1.x86_64.rpm
    repoid: public-hummingbird-x86_64-rpms
    size: 838137
    checksum: sha256:61db50ab709c864a0c4e9948bb2001c327c53087fd3cca94dfd983450068c11a
    name: sqlite-libs
    evr: 3.53.3-2.hum1
    sourcerpm: sqlite-3.53.3-2.hum1.src.rpm
  - url: https://koji-s3-cache.hummingbird-project.io/packages.redhat.com/api/pulp-content/public-hummingbird/x86_64/Packages/u/util-linux-2.42.2-2.hum1.x86_64.rpm
    repoid: public-hummingbird-x86_64-rpms
    size: 1384899
    checksum: sha256:c1ff7a8d1d67697f274139a692951032cf88c8e53fa857c9102ee152adf7dff1
    name: util-linux
    evr: 2.42.2-2.hum1
    sourcerpm: util-linux-2.42.2-2.hum1.src.rpm
  - url: https://koji-s3-cache.hummingbird-project.io/packages.redhat.com/api/pulp-content/public-hummingbird/x86_64/Packages/u/util-linux-core-2.42.2-2.hum1.x86_64.rpm
    repoid: public-hummingbird-x86_64-rpms
    size: 616054
    checksum: sha256:b689ba217d24a7207d4cfe093b03541ef9ada17ee42fc7aa1bda14b7d5e7190f
    name: util-linux-core
    evr: 2.42.2-2.hum1
    sourcerpm: util-linux-2.42.2-2.hum1.src.rpm
  source: []
  module_metadata: []
